
Microsoft Visual Studio Solution File, Format Version 9.00
# Visual Studio 2005
# SharpDevelop 2.2.1.2648
Project("{FAE04EC0-301F-11D3-BF4B-00C04F79EFBC}") = "WinTablet", "WinTablet.csproj", "{C17D52C8-B8CB-44F6-9882-1EA712AD054F}"
EndProject
Global
	GlobalSection(SolutionConfigurationPlatforms) = preSolution
		Debug|Any CPU = Debug|Any CPU
		Release|Any CPU = Release|Any CPU
	EndGlobalSection
	GlobalSection(ProjectConfigurationPlatforms) = postSolution
		{C17D52C8-B8CB-44F6-9882-1EA712AD054F}.Debug|Any CPU.Build.0 = Debug|Any CPU
		{C17D52C8-B8CB-44F6-9882-1EA712AD054F}.Debug|Any CPU.ActiveCfg = Debug|Any CPU
		{C17D52C8-B8CB-44F6-9882-1EA712AD054F}.Release|Any CPU.Build.0 = Release|Any CPU
		{C17D52C8-B8CB-44F6-9882-1EA712AD054F}.Release|Any CPU.ActiveCfg = Release|Any CPU
	EndGlobalSection
EndGlobal
