
Microsoft Visual Studio Solution File, Format Version 10.00
# Visual Studio 2008
# SharpDevelop 3.0.0.3437
Project("{FAE04EC0-301F-11D3-BF4B-00C04F79EFBC}") = "Knack", "Knack.csproj", "{ADEA812C-2986-4558-B73B-D7EFE5EF0289}"
EndProject
Project("{FAE04EC0-301F-11D3-BF4B-00C04F79EFBC}") = "WinTablet", "..\WinTablet\WinTablet\WinTablet.csproj", "{C17D52C8-B8CB-44F6-9882-1EA712AD054F}"
EndProject
Global
	GlobalSection(SolutionConfigurationPlatforms) = preSolution
		Debug|Any CPU = Debug|Any CPU
		Release|Any CPU = Release|Any CPU
	EndGlobalSection
	GlobalSection(ProjectConfigurationPlatforms) = postSolution
		{ADEA812C-2986-4558-B73B-D7EFE5EF0289}.Debug|Any CPU.Build.0 = Debug|Any CPU
		{ADEA812C-2986-4558-B73B-D7EFE5EF0289}.Debug|Any CPU.ActiveCfg = Debug|Any CPU
		{ADEA812C-2986-4558-B73B-D7EFE5EF0289}.Release|Any CPU.Build.0 = Release|Any CPU
		{ADEA812C-2986-4558-B73B-D7EFE5EF0289}.Release|Any CPU.ActiveCfg = Release|Any CPU
		{C17D52C8-B8CB-44F6-9882-1EA712AD054F}.Debug|Any CPU.Build.0 = Debug|Any CPU
		{C17D52C8-B8CB-44F6-9882-1EA712AD054F}.Debug|Any CPU.ActiveCfg = Debug|Any CPU
		{C17D52C8-B8CB-44F6-9882-1EA712AD054F}.Release|Any CPU.Build.0 = Release|Any CPU
		{C17D52C8-B8CB-44F6-9882-1EA712AD054F}.Release|Any CPU.ActiveCfg = Release|Any CPU
	EndGlobalSection
EndGlobal
